
Microsoft Visual Studio Solution File, Format Version 12.00
# Visual Studio Version 17
VisualStudioVersion = 17.6.33723.286
MinimumVisualStudioVersion = 10.0.40219.1
Project("{FAE04EC0-301F-11D3-BF4B-00C04F79EFBC}") = "AdapterPattern", "AdapterPattern\AdapterPattern.csproj", "{389A2311-4969-46DC-A79C-C21498485F73}"
EndProject
Global
	GlobalSection(SolutionConfigurationPlatforms) = preSolution
		Debug|Any CPU = Debug|Any CPU
		Release|Any CPU = Release|Any CPU
	EndGlobalSection
	GlobalSection(ProjectConfigurationPlatforms) = postSolution
		{389A2311-4969-46DC-A79C-C21498485F73}.Debug|Any CPU.ActiveCfg = Debug|Any CPU
		{389A2311-4969-46DC-A79C-C21498485F73}.Debug|Any CPU.Build.0 = Debug|Any CPU
		{389A2311-4969-46DC-A79C-C21498485F73}.Release|Any CPU.ActiveCfg = Release|Any CPU
		{389A2311-4969-46DC-A79C-C21498485F73}.Release|Any CPU.Build.0 = Release|Any CPU
	EndGlobalSection
	GlobalSection(SolutionProperties) = preSolution
		HideSolutionNode = FALSE
	EndGlobalSection
	GlobalSection(ExtensibilityGlobals) = postSolution
		SolutionGuid = {58471C46-78D1-4F51-B354-23EFE4FEAAC8}
	EndGlobalSection
EndGlobal
