
Microsoft Visual Studio Solution File, Format Version 12.00
# Visual Studio Version 17
VisualStudioVersion = 17.6.33723.286
MinimumVisualStudioVersion = 10.0.40219.1
Project("{FAE04EC0-301F-11D3-BF4B-00C04F79EFBC}") = "FactoryPattern", "FactoryPattern\FactoryPattern.csproj", "{DDB5E360-A167-4936-8F58-3C9DC9D886BB}"
EndProject
Global
	GlobalSection(SolutionConfigurationPlatforms) = preSolution
		Debug|Any CPU = Debug|Any CPU
		Release|Any CPU = Release|Any CPU
	EndGlobalSection
	GlobalSection(ProjectConfigurationPlatforms) = postSolution
		{DDB5E360-A167-4936-8F58-3C9DC9D886BB}.Debug|Any CPU.ActiveCfg = Debug|Any CPU
		{DDB5E360-A167-4936-8F58-3C9DC9D886BB}.Debug|Any CPU.Build.0 = Debug|Any CPU
		{DDB5E360-A167-4936-8F58-3C9DC9D886BB}.Release|Any CPU.ActiveCfg = Release|Any CPU
		{DDB5E360-A167-4936-8F58-3C9DC9D886BB}.Release|Any CPU.Build.0 = Release|Any CPU
	EndGlobalSection
	GlobalSection(SolutionProperties) = preSolution
		HideSolutionNode = FALSE
	EndGlobalSection
	GlobalSection(ExtensibilityGlobals) = postSolution
		SolutionGuid = {5F1ADFB8-061F-46E2-B5F2-430FD17DE2DE}
	EndGlobalSection
EndGlobal
